
Microsoft Visual Studio Solution File, Format Version 12.00
# Visual Studio Version 16
VisualStudioVersion = 16.0.31424.327
MinimumVisualStudioVersion = 10.0.40219.1
Project("{FAE04EC0-301F-11D3-BF4B-00C04F79EFBC}") = "HCG_Nhom4", "HCG_Nhom4\HCG_Nhom4.csproj", "{CD7FB935-C74E-4FC2-B4D2-2BC94D0B2DD1}"
EndProject
Global
	GlobalSection(SolutionConfigurationPlatforms) = preSolution
		Debug|Any CPU = Debug|Any CPU
		Release|Any CPU = Release|Any CPU
	EndGlobalSection
	GlobalSection(ProjectConfigurationPlatforms) = postSolution
		{CD7FB935-C74E-4FC2-B4D2-2BC94D0B2DD1}.Debug|Any CPU.ActiveCfg = Debug|Any CPU
		{CD7FB935-C74E-4FC2-B4D2-2BC94D0B2DD1}.Debug|Any CPU.Build.0 = Debug|Any CPU
		{CD7FB935-C74E-4FC2-B4D2-2BC94D0B2DD1}.Release|Any CPU.ActiveCfg = Release|Any CPU
		{CD7FB935-C74E-4FC2-B4D2-2BC94D0B2DD1}.Release|Any CPU.Build.0 = Release|Any CPU
	EndGlobalSection
	GlobalSection(SolutionProperties) = preSolution
		HideSolutionNode = FALSE
	EndGlobalSection
	GlobalSection(ExtensibilityGlobals) = postSolution
		SolutionGuid = {E42B62FD-8AF9-4697-96F6-9275831C0C6B}
	EndGlobalSection
EndGlobal
